// !$*UTF8*$!
{
	archiveVersion = 1;
	classes = {
	};
	objectVersion = 55;
	objects = {

/* Begin PBXBuildFile section */
		4B3C4DEB277441BD00ED9136 /* LandmarkRow.swift in Sources */ = {isa = PBXBuildFile; fileRef = 4B3C4DEA277441BD00ED9136 /* LandmarkRow.swift */; };
		4B3C4DED277443A200ED9136 /* LandmarkList.swift in Sources */ = {isa = PBXBuildFile; fileRef = 4B3C4DEC277443A200ED9136 /* LandmarkList.swift */; };
		4B3C4DEF277444FC00ED9136 /* LandmarkDetail.swift in Sources */ = {isa = PBXBuildFile; fileRef = 4B3C4DEE277444FC00ED9136 /* LandmarkDetail.swift */; };
		4B4A585827B3434C0080ADAE /* HexagonParameters.swift in Sources */ = {isa = PBXBuildFile; fileRef = 4B4A585727B3434C0080ADAE /* HexagonParameters.swift */; };
		4B583B4727B3CBA900D723AE /* BadgeBackground.swift in Sources */ = {isa = PBXBuildFile; fileRef = 4B583B4627B3CBA900D723AE /* BadgeBackground.swift */; };
		4B583B4927B47D3400D723AE /* BadgeSymbol.swift in Sources */ = {isa = PBXBuildFile; fileRef = 4B583B4827B47D3400D723AE /* BadgeSymbol.swift */; };
		4B583B4B27B47DB300D723AE /* RotatedBadgeSymbol.swift in Sources */ = {isa = PBXBuildFile; fileRef = 4B583B4A27B47DB300D723AE /* RotatedBadgeSymbol.swift */; };
		4B8FE1CC2775A48200E21273 /* FavoriteButton.swift in Sources */ = {isa = PBXBuildFile; fileRef = 4B8FE1CB2775A48200E21273 /* FavoriteButton.swift */; };
		4BAC3C76276AC0590062BC2B /* landmarkData.json in Resources */ = {isa = PBXBuildFile; fileRef = 4BAC3C75276AC0590062BC2B /* landmarkData.json */; };
		4BAC3C78276AC07D0062BC2B /* Landmark.swift in Sources */ = {isa = PBXBuildFile; fileRef = 4BAC3C77276AC07D0062BC2B /* Landmark.swift */; };
		4BAC3C7A276AC25C0062BC2B /* ModelData.swift in Sources */ = {isa = PBXBuildFile; fileRef = 4BAC3C79276AC25C0062BC2B /* ModelData.swift */; };
		4BADA85A27BC56BD00C23427 /* Badge.swift in Sources */ = {isa = PBXBuildFile; fileRef = 4BADA85927BC56BD00C23427 /* Badge.swift */; };
		4BB976E8276088AF0051C229 /* LandmarksApp.swift in Sources */ = {isa = PBXBuildFile; fileRef = 4BB976E7276088AF0051C229 /* LandmarksApp.swift */; };
		4BB976EA276088AF0051C229 /* ContentView.swift in Sources */ = {isa = PBXBuildFile; fileRef = 4BB976E9276088AF0051C229 /* ContentView.swift */; };
		4BB976EC276088B10051C229 /* Assets.xcassets in Resources */ = {isa = PBXBuildFile; fileRef = 4BB976EB276088B10051C229 /* Assets.xcassets */; };
		4BB976EF276088B10051C229 /* Preview Assets.xcassets in Resources */ = {isa = PBXBuildFile; fileRef = 4BB976EE276088B10051C229 /* Preview Assets.xcassets */; };
		4BB976F627608DBF0051C229 /* CircleImage.swift in Sources */ = {isa = PBXBuildFile; fileRef = 4BB976F527608DBF0051C229 /* CircleImage.swift */; };
		4BB976F827608EDA0051C229 /* MapView.swift in Sources */ = {isa = PBXBuildFile; fileRef = 4BB976F727608EDA0051C229 /* MapView.swift */; };
/* End PBXBuildFile section */

/* Begin PBXFileReference section */
		4B3C4DEA277441BD00ED9136 /* LandmarkRow.swift */ = {isa = PBXFileReference; lastKnownFileType = sourcecode.swift; path = LandmarkRow.swift; sourceTree = "<group>"; };
		4B3C4DEC277443A200ED9136 /* LandmarkList.swift */ = {isa = PBXFileReference; lastKnownFileType = sourcecode.swift; path = LandmarkList.swift; sourceTree = "<group>"; };
		4B3C4DEE277444FC00ED9136 /* LandmarkDetail.swift */ = {isa = PBXFileReference; lastKnownFileType = sourcecode.swift; path = LandmarkDetail.swift; sourceTree = "<group>"; };
		4B4A585727B3434C0080ADAE /* HexagonParameters.swift */ = {isa = PBXFileReference; lastKnownFileType = sourcecode.swift; path = HexagonParameters.swift; sourceTree = "<group>"; };
		4B583B4627B3CBA900D723AE /* BadgeBackground.swift */ = {isa = PBXFileReference; lastKnownFileType = sourcecode.swift; path = BadgeBackground.swift; sourceTree = SOURCE_ROOT; };
		4B583B4827B47D3400D723AE /* BadgeSymbol.swift */ = {isa = PBXFileReference; lastKnownFileType = sourcecode.swift; name = BadgeSymbol.swift; path = Landmarks/BadgeSymbol.swift; sourceTree = SOURCE_ROOT; };
		4B583B4A27B47DB300D723AE /* RotatedBadgeSymbol.swift */ = {isa = PBXFileReference; lastKnownFileType = sourcecode.swift; path = RotatedBadgeSymbol.swift; sourceTree = "<group>"; };
		4B8FE1CB2775A48200E21273 /* FavoriteButton.swift */ = {isa = PBXFileReference; lastKnownFileType = sourcecode.swift; path = FavoriteButton.swift; sourceTree = "<group>"; };
		4BAC3C75276AC0590062BC2B /* landmarkData.json */ = {isa = PBXFileReference; fileEncoding = 4; lastKnownFileType = text.json; path = landmarkData.json; sourceTree = "<group>"; };
		4BAC3C77276AC07D0062BC2B /* Landmark.swift */ = {isa = PBXFileReference; lastKnownFileType = sourcecode.swift; path = Landmark.swift; sourceTree = "<group>"; };
		4BAC3C79276AC25C0062BC2B /* ModelData.swift */ = {isa = PBXFileReference; lastKnownFileType = sourcecode.swift; path = ModelData.swift; sourceTree = "<group>"; };
		4BADA85927BC56BD00C23427 /* Badge.swift */ = {isa = PBXFileReference; lastKnownFileType = sourcecode.swift; path = Badge.swift; sourceTree = "<group>"; };
		4BB976E4276088AF0051C229 /* Landmarks.app */ = {isa = PBXFileReference; explicitFileType = wrapper.application; includeInIndex = 0; path = Landmarks.app; sourceTree = BUILT_PRODUCTS_DIR; };
		4BB976E7276088AF0051C229 /* LandmarksApp.swift */ = {isa = PBXFileReference; lastKnownFileType = sourcecode.swift; path = LandmarksApp.swift; sourceTree = "<group>"; };
		4BB976E9276088AF0051C229 /* ContentView.swift */ = {isa = PBXFileReference; lastKnownFileType = sourcecode.swift; path = ContentView.swift; sourceTree = "<group>"; };
		4BB976EB276088B10051C229 /* Assets.xcassets */ = {isa = PBXFileReference; lastKnownFileType = folder.assetcatalog; path = Assets.xcassets; sourceTree = "<group>"; };
		4BB976EE276088B10051C229 /* Preview Assets.xcassets */ = {isa = PBXFileReference; lastKnownFileType = folder.assetcatalog; path = "Preview Assets.xcassets"; sourceTree = "<group>"; };
		4BB976F527608DBF0051C229 /* CircleImage.swift */ = {isa = PBXFileReference; lastKnownFileType = sourcecode.swift; path = CircleImage.swift; sourceTree = "<group>"; };
		4BB976F727608EDA0051C229 /* MapView.swift */ = {isa = PBXFileReference; lastKnownFileType = sourcecode.swift; path = MapView.swift; sourceTree = "<group>"; };
/* End PBXFileReference section */

/* Begin PBXFrameworksBuildPhase section */
		4BB976E1276088AF0051C229 /* Frameworks */ = {
			isa = PBXFrameworksBuildPhase;
			buildActionMask = 2147483647;
			files = (
			);
			runOnlyForDeploymentPostprocessing = 0;
		};
/* End PBXFrameworksBuildPhase section */

/* Begin PBXGroup section */
		4B8FE1CD2775A5CE00E21273 /* Landmarks */ = {
			isa = PBXGroup;
			children = (
				4B3C4DEA277441BD00ED9136 /* LandmarkRow.swift */,
				4B3C4DEC277443A200ED9136 /* LandmarkList.swift */,
				4B3C4DEE277444FC00ED9136 /* LandmarkDetail.swift */,
			);
			path = Landmarks;
			sourceTree = "<group>";
		};
		4B8FE1CE2775A5EB00E21273 /* Helpers */ = {
			isa = PBXGroup;
			children = (
				4BB976F527608DBF0051C229 /* CircleImage.swift */,
				4B8FE1CB2775A48200E21273 /* FavoriteButton.swift */,
				4BB976F727608EDA0051C229 /* MapView.swift */,
			);
			path = Helpers;
			sourceTree = "<group>";
		};
		4BAC3C7B276ACA7B0062BC2B /* Views */ = {
			isa = PBXGroup;
			children = (
				4B583B4827B47D3400D723AE /* BadgeSymbol.swift */,
				4B583B4A27B47DB300D723AE /* RotatedBadgeSymbol.swift */,
				4BADA85927BC56BD00C23427 /* Badge.swift */,
				4B583B4627B3CBA900D723AE /* BadgeBackground.swift */,
				4B4A585727B3434C0080ADAE /* HexagonParameters.swift */,
				4BB976E9276088AF0051C229 /* ContentView.swift */,
				4B8FE1CD2775A5CE00E21273 /* Landmarks */,
				4B8FE1CE2775A5EB00E21273 /* Helpers */,
			);
			path = Views;
			sourceTree = "<group>";
		};
		4BAC3C7C276ACA830062BC2B /* Model */ = {
			isa = PBXGroup;
			children = (
				4BAC3C77276AC07D0062BC2B /* Landmark.swift */,
				4BAC3C79276AC25C0062BC2B /* ModelData.swift */,
			);
			path = Model;
			sourceTree = "<group>";
		};
		4BAC3C7D276ACA8C0062BC2B /* Resources */ = {
			isa = PBXGroup;
			children = (
				4BAC3C75276AC0590062BC2B /* landmarkData.json */,
			);
			path = Resources;
			sourceTree = "<group>";
		};
		4BB976DB276088AF0051C229 = {
			isa = PBXGroup;
			children = (
				4BB976E6276088AF0051C229 /* Landmarks */,
				4BB976E5276088AF0051C229 /* Products */,
			);
			sourceTree = "<group>";
		};
		4BB976E5276088AF0051C229 /* Products */ = {
			isa = PBXGroup;
			children = (
				4BB976E4276088AF0051C229 /* Landmarks.app */,
			);
			name = Products;
			sourceTree = "<group>";
		};
		4BB976E6276088AF0051C229 /* Landmarks */ = {
			isa = PBXGroup;
			children = (
				4BAC3C7D276ACA8C0062BC2B /* Resources */,
				4BAC3C7C276ACA830062BC2B /* Model */,
				4BAC3C7B276ACA7B0062BC2B /* Views */,
				4BB976E7276088AF0051C229 /* LandmarksApp.swift */,
				4BB976EB276088B10051C229 /* Assets.xcassets */,
				4BB976ED276088B10051C229 /* Preview Content */,
			);
			path = Landmarks;
			sourceTree = "<group>";
		};
		4BB976ED276088B10051C229 /* Preview Content */ = {
			isa = PBXGroup;
			children = (
				4BB976EE276088B10051C229 /* Preview Assets.xcassets */,
			);
			path = "Preview Content";
			sourceTree = "<group>";
		};
/* End PBXGroup section */

/* Begin PBXNativeTarget section */
		4BB976E3276088AF0051C229 /* Landmarks */ = {
			isa = PBXNativeTarget;
			buildConfigurationList = 4BB976F2276088B10051C229 /* Build configuration list for PBXNativeTarget "Landmarks" */;
			buildPhases = (
				4BB976E0276088AF0051C229 /* Sources */,
				4BB976E1276088AF0051C229 /* Frameworks */,
				4BB976E2276088AF0051C229 /* Resources */,
			);
			buildRules = (
			);
			dependencies = (
			);
			name = Landmarks;
			productName = Landmarks;
			productReference = 4BB976E4276088AF0051C229 /* Landmarks.app */;
			productType = "com.apple.product-type.application";
		};
/* End PBXNativeTarget section */

/* Begin PBXProject section */
		4BB976DC276088AF0051C229 /* Project object */ = {
			isa = PBXProject;
			attributes = {
				BuildIndependentTargetsInParallel = 1;
				LastSwiftUpdateCheck = 1310;
				LastUpgradeCheck = 1310;
				TargetAttributes = {
					4BB976E3276088AF0051C229 = {
						CreatedOnToolsVersion = 13.1;
					};
				};
			};
			buildConfigurationList = 4BB976DF276088AF0051C229 /* Build configuration list for PBXProject "Landmarks" */;
			compatibilityVersion = "Xcode 13.0";
			developmentRegion = en;
			hasScannedForEncodings = 0;
			knownRegions = (
				en,
				Base,
			);
			mainGroup = 4BB976DB276088AF0051C229;
			productRefGroup = 4BB976E5276088AF0051C229 /* Products */;
			projectDirPath = "";
			projectRoot = "";
			targets = (
				4BB976E3276088AF0051C229 /* Landmarks */,
			);
		};
/* End PBXProject section */

/* Begin PBXResourcesBuildPhase section */
		4BB976E2276088AF0051C229 /* Resources */ = {
			isa = PBXResourcesBuildPhase;
			buildActionMask = 2147483647;
			files = (
				4BB976EF276088B10051C229 /* Preview Assets.xcassets in Resources */,
				4BB976EC276088B10051C229 /* Assets.xcassets in Resources */,
				4BAC3C76276AC0590062BC2B /* landmarkData.json in Resources */,
			);
			runOnlyForDeploymentPostprocessing = 0;
		};
/* End PBXResourcesBuildPhase section */

/* Begin PBXSourcesBuildPhase section */
		4BB976E0276088AF0051C229 /* Sources */ = {
			isa = PBXSourcesBuildPhase;
			buildActionMask = 2147483647;
			files = (
				4BB976EA276088AF0051C229 /* ContentView.swift in Sources */,
				4BADA85A27BC56BD00C23427 /* Badge.swift in Sources */,
				4BB976F827608EDA0051C229 /* MapView.swift in Sources */,
				4BB976E8276088AF0051C229 /* LandmarksApp.swift in Sources */,
				4B8FE1CC2775A48200E21273 /* FavoriteButton.swift in Sources */,
				4B4A585827B3434C0080ADAE /* HexagonParameters.swift in Sources */,
				4B583B4B27B47DB300D723AE /* RotatedBadgeSymbol.swift in Sources */,
				4B583B4927B47D3400D723AE /* BadgeSymbol.swift in Sources */,
				4B3C4DED277443A200ED9136 /* LandmarkList.swift in Sources */,
				4B3C4DEF277444FC00ED9136 /* LandmarkDetail.swift in Sources */,
				4B583B4727B3CBA900D723AE /* BadgeBackground.swift in Sources */,
				4BB976F627608DBF0051C229 /* CircleImage.swift in Sources */,
				4BAC3C78276AC07D0062BC2B /* Landmark.swift in Sources */,
				4B3C4DEB277441BD00ED9136 /* LandmarkRow.swift in Sources */,
				4BAC3C7A276AC25C0062BC2B /* ModelData.swift in Sources */,
			);
			runOnlyForDeploymentPostprocessing = 0;
		};
/* End PBXSourcesBuildPhase section */

/* Begin XCBuildConfiguration section */
		4BB976F0276088B10051C229 /* Debug */ = {
			isa = XCBuildConfiguration;
			buildSettings = {
				ALWAYS_SEARCH_USER_PATHS = NO;
				CLANG_ANALYZER_NONNULL = YES;
				CLANG_ANALYZER_NUMBER_OBJECT_CONVERSION = YES_AGGRESSIVE;
				CLANG_CXX_LANGUAGE_STANDARD = "gnu++17";
				CLANG_CXX_LIBRARY = "libc++";
				CLANG_ENABLE_MODULES = YES;
				CLANG_ENABLE_OBJC_ARC = YES;
				CLANG_ENABLE_OBJC_WEAK = YES;
				CLANG_WARN_BLOCK_CAPTURE_AUTORELEASING = YES;
				CLANG_WARN_BOOL_CONVERSION = YES;
				CLANG_WARN_COMMA = YES;
				CLANG_WARN_CONSTANT_CONVERSION = YES;
				CLANG_WARN_DEPRECATED_OBJC_IMPLEMENTATIONS = YES;
				CLANG_WARN_DIRECT_OBJC_ISA_USAGE = YES_ERROR;
				CLANG_WARN_DOCUMENTATION_COMMENTS = YES;
				CLANG_WARN_EMPTY_BODY = YES;
				CLANG_WARN_ENUM_CONVERSION = YES;
				CLANG_WARN_INFINITE_RECURSION = YES;
				CLANG_WARN_INT_CONVERSION = YES;
				CLANG_WARN_NON_LITERAL_NULL_CONVERSION = YES;
				CLANG_WARN_OBJC_IMPLICIT_RETAIN_SELF = YES;
				CLANG_WARN_OBJC_LITERAL_CONVERSION = YES;
				CLANG_WARN_OBJC_ROOT_CLASS = YES_ERROR;
				CLANG_WARN_QUOTED_INCLUDE_IN_FRAMEWORK_HEADER = YES;
				CLANG_WARN_RANGE_LOOP_ANALYSIS = YES;
				CLANG_WARN_STRICT_PROTOTYPES = YES;
				CLANG_WARN_SUSPICIOUS_MOVE = YES;
				CLANG_WARN_UNGUARDED_AVAILABILITY = YES_AGGRESSIVE;
				CLANG_WARN_UNREACHABLE_CODE = YES;
				CLANG_WARN__DUPLICATE_METHOD_MATCH = YES;
				COPY_PHASE_STRIP = NO;
				DEBUG_INFORMATION_FORMAT = dwarf;
				ENABLE_STRICT_OBJC_MSGSEND = YES;
				ENABLE_TESTABILITY = YES;
				GCC_C_LANGUAGE_STANDARD = gnu11;
				GCC_DYNAMIC_NO_PIC = NO;
				GCC_NO_COMMON_BLOCKS = YES;
				GCC_OPTIMIZATION_LEVEL = 0;
				GCC_PREPROCESSOR_DEFINITIONS = (
					"DEBUG=1",
					"$(inherited)",
				);
				GCC_WARN_64_TO_32_BIT_CONVERSION = YES;
				GCC_WARN_ABOUT_RETURN_TYPE = YES_ERROR;
				GCC_WARN_UNDECLARED_SELECTOR = YES;
				GCC_WARN_UNINITIALIZED_AUTOS = YES_AGGRESSIVE;
				GCC_WARN_UNUSED_FUNCTION = YES;
				GCC_WARN_UNUSED_VARIABLE = YES;
				IPHONEOS_DEPLOYMENT_TARGET = 15.0;
				MTL_ENABLE_DEBUG_INFO = INCLUDE_SOURCE;
				MTL_FAST_MATH = YES;
				ONLY_ACTIVE_ARCH = YES;
				SDKROOT = iphoneos;
				SWIFT_ACTIVE_COMPILATION_CONDITIONS = DEBUG;
				SWIFT_OPTIMIZATION_LEVEL = "-Onone";
			};
			name = Debug;
		};
		4BB976F1276088B10051C229 /* Release */ = {
			isa = XCBuildConfiguration;
			buildSettings = {
				ALWAYS_SEARCH_USER_PATHS = NO;
				CLANG_ANALYZER_NONNULL = YES;
				CLANG_ANALYZER_NUMBER_OBJECT_CONVERSION = YES_AGGRESSIVE;
				CLANG_CXX_LANGUAGE_STANDARD = "gnu++17";
				CLANG_CXX_LIBRARY = "libc++";
				CLANG_ENABLE_MODULES = YES;
				CLANG_ENABLE_OBJC_ARC = YES;
				CLANG_ENABLE_OBJC_WEAK = YES;
				CLANG_WARN_BLOCK_CAPTURE_AUTORELEASING = YES;
				CLANG_WARN_BOOL_CONVERSION = YES;
				CLANG_WARN_COMMA = YES;
				CLANG_WARN_CONSTANT_CONVERSION = YES;
				CLANG_WARN_DEPRECATED_OBJC_IMPLEMENTATIONS = YES;
				CLANG_WARN_DIRECT_OBJC_ISA_USAGE = YES_ERROR;
				CLANG_WARN_DOCUMENTATION_COMMENTS = YES;
				CLANG_WARN_EMPTY_BODY = YES;
				CLANG_WARN_ENUM_CONVERSION = YES;
				CLANG_WARN_INFINITE_RECURSION = YES;
				CLANG_WARN_INT_CONVERSION = YES;
				CLANG_WARN_NON_LITERAL_NULL_CONVERSION = YES;
				CLANG_WARN_OBJC_IMPLICIT_RETAIN_SELF = YES;
				CLANG_WARN_OBJC_LITERAL_CONVERSION = YES;
				CLANG_WARN_OBJC_ROOT_CLASS = YES_ERROR;
				CLANG_WARN_QUOTED_INCLUDE_IN_FRAMEWORK_HEADER = YES;
				CLANG_WARN_RANGE_LOOP_ANALYSIS = YES;
				CLANG_WARN_STRICT_PROTOTYPES = YES;
				CLANG_WARN_SUSPICIOUS_MOVE = YES;
				CLANG_WARN_UNGUARDED_AVAILABILITY = YES_AGGRESSIVE;
				CLANG_WARN_UNREACHABLE_CODE = YES;
				CLANG_WARN__DUPLICATE_METHOD_MATCH = YES;
				COPY_PHASE_STRIP = NO;
				DEBUG_INFORMATION_FORMAT = "dwarf-with-dsym";
				ENABLE_NS_ASSERTIONS = NO;
				ENABLE_STRICT_OBJC_MSGSEND = YES;
				GCC_C_LANGUAGE_STANDARD = gnu11;
				GCC_NO_COMMON_BLOCKS = YES;
				GCC_WARN_64_TO_32_BIT_CONVERSION = YES;
				GCC_WARN_ABOUT_RETURN_TYPE = YES_ERROR;
				GCC_WARN_UNDECLARED_SELECTOR = YES;
				GCC_WARN_UNINITIALIZED_AUTOS = YES_AGGRESSIVE;
				GCC_WARN_UNUSED_FUNCTION = YES;
				GCC_WARN_UNUSED_VARIABLE = YES;
				IPHONEOS_DEPLOYMENT_TARGET = 15.0;
				MTL_ENABLE_DEBUG_INFO = NO;
				MTL_FAST_MATH = YES;
				SDKROOT = iphoneos;
				SWIFT_COMPILATION_MODE = wholemodule;
				SWIFT_OPTIMIZATION_LEVEL = "-O";
				VALIDATE_PRODUCT = YES;
			};
			name = Release;
		};
		4BB976F3276088B10051C229 /* Debug */ = {
			isa = XCBuildConfiguration;
			buildSettings = {
				ASSETCATALOG_COMPILER_APPICON_NAME = AppIcon;
				ASSETCATALOG_COMPILER_GLOBAL_ACCENT_COLOR_NAME = AccentColor;
				CODE_SIGN_STYLE = Automatic;
				CURRENT_PROJECT_VERSION = 1;
				DEVELOPMENT_ASSET_PATHS = "\"Landmarks/Preview Content\"";
				DEVELOPMENT_TEAM = 4G68TBB5BD;
				ENABLE_PREVIEWS = YES;
				GENERATE_INFOPLIST_FILE = YES;
				INFOPLIST_KEY_UIApplicationSceneManifest_Generation = YES;
				INFOPLIST_KEY_UIApplicationSupportsIndirectInputEvents = YES;
				INFOPLIST_KEY_UILaunchScreen_Generation = YES;
				INFOPLIST_KEY_UISupportedInterfaceOrientations_iPad = "UIInterfaceOrientationPortrait UIInterfaceOrientationPortraitUpsideDown UIInterfaceOrientationLandscapeLeft UIInterfaceOrientationLandscapeRight";
				INFOPLIST_KEY_UISupportedInterfaceOrientations_iPhone = "UIInterfaceOrientationPortrait UIInterfaceOrientationLandscapeLeft UIInterfaceOrientationLandscapeRight";
				LD_RUNPATH_SEARCH_PATHS = (
					"$(inherited)",
					"@executable_path/Frameworks",
				);
				MARKETING_VERSION = 1.0;
				PRODUCT_BUNDLE_IDENTIFIER = com.gmail.yazawa17ko.Landmarks;
				PRODUCT_NAME = "$(TARGET_NAME)";
				SWIFT_EMIT_LOC_STRINGS = YES;
				SWIFT_VERSION = 5.0;
				TARGETED_DEVICE_FAMILY = "1,2";
			};
			name = Debug;
		};
		4BB976F4276088B10051C229 /* Release */ = {
			isa = XCBuildConfiguration;
			buildSettings = {
				ASSETCATALOG_COMPILER_APPICON_NAME = AppIcon;
				ASSETCATALOG_COMPILER_GLOBAL_ACCENT_COLOR_NAME = AccentColor;
				CODE_SIGN_STYLE = Automatic;
				CURRENT_PROJECT_VERSION = 1;
				DEVELOPMENT_ASSET_PATHS = "\"Landmarks/Preview Content\"";
				DEVELOPMENT_TEAM = 4G68TBB5BD;
				ENABLE_PREVIEWS = YES;
				GENERATE_INFOPLIST_FILE = YES;
				INFOPLIST_KEY_UIApplicationSceneManifest_Generation = YES;
				INFOPLIST_KEY_UIApplicationSupportsIndirectInputEvents = YES;
				INFOPLIST_KEY_UILaunchScreen_Generation = YES;
				INFOPLIST_KEY_UISupportedInterfaceOrientations_iPad = "UIInterfaceOrientationPortrait UIInterfaceOrientationPortraitUpsideDown UIInterfaceOrientationLandscapeLeft UIInterfaceOrientationLandscapeRight";
				INFOPLIST_KEY_UISupportedInterfaceOrientations_iPhone = "UIInterfaceOrientationPortrait UIInterfaceOrientationLandscapeLeft UIInterfaceOrientationLandscapeRight";
				LD_RUNPATH_SEARCH_PATHS = (
					"$(inherited)",
					"@executable_path/Frameworks",
				);
				MARKETING_VERSION = 1.0;
				PRODUCT_BUNDLE_IDENTIFIER = com.gmail.yazawa17ko.Landmarks;
				PRODUCT_NAME = "$(TARGET_NAME)";
				SWIFT_EMIT_LOC_STRINGS = YES;
				SWIFT_VERSION = 5.0;
				TARGETED_DEVICE_FAMILY = "1,2";
			};
			name = Release;
		};
/* End XCBuildConfiguration section */

/* Begin XCConfigurationList section */
		4BB976DF276088AF0051C229 /* Build configuration list for PBXProject "Landmarks" */ = {
			isa = XCConfigurationList;
			buildConfigurations = (
				4BB976F0276088B10051C229 /* Debug */,
				4BB976F1276088B10051C229 /* Release */,
			);
			defaultConfigurationIsVisible = 0;
			defaultConfigurationName = Release;
		};
		4BB976F2276088B10051C229 /* Build configuration list for PBXNativeTarget "Landmarks" */ = {
			isa = XCConfigurationList;
			buildConfigurations = (
				4BB976F3276088B10051C229 /* Debug */,
				4BB976F4276088B10051C229 /* Release */,
			);
			defaultConfigurationIsVisible = 0;
			defaultConfigurationName = Release;
		};
/* End XCConfigurationList section */
	};
	rootObject = 4BB976DC276088AF0051C229 /* Project object */;
}
